
Microsoft Visual Studio Solution File, Format Version 12.00
Project("{FAE04EC0-301F-11D3-BF4B-00C04F79EFBC}") = "ExpressionParserLib", "ExpressionParserLib\ExpressionParserLib.csproj", "{51948AF0-EBF1-4F04-BA88-21BE1C8E7670}"
EndProject
Project("{FAE04EC0-301F-11D3-BF4B-00C04F79EFBC}") = "ExpressionParserLib.Tests", "ExpressionParserLib.Tests\ExpressionParserLib.Tests.csproj", "{CA714A8D-3AF3-4166-A6D1-9BF2B064D07F}"
EndProject
Project("{FAE04EC0-301F-11D3-BF4B-00C04F79EFBC}") = "ExpressionSolver", "ExpressionSolver\ExpressionSolver.csproj", "{71806A7B-9C6A-44C9-ADA3-917B3DCC2732}"
EndProject
Global
	GlobalSection(SolutionConfigurationPlatforms) = preSolution
		Debug|Any CPU = Debug|Any CPU
		Release|Any CPU = Release|Any CPU
	EndGlobalSection
	GlobalSection(ProjectConfigurationPlatforms) = postSolution
		{51948AF0-EBF1-4F04-BA88-21BE1C8E7670}.Debug|Any CPU.ActiveCfg = Debug|Any CPU
		{51948AF0-EBF1-4F04-BA88-21BE1C8E7670}.Debug|Any CPU.Build.0 = Debug|Any CPU
		{51948AF0-EBF1-4F04-BA88-21BE1C8E7670}.Release|Any CPU.ActiveCfg = Release|Any CPU
		{51948AF0-EBF1-4F04-BA88-21BE1C8E7670}.Release|Any CPU.Build.0 = Release|Any CPU
		{CA714A8D-3AF3-4166-A6D1-9BF2B064D07F}.Debug|Any CPU.ActiveCfg = Debug|Any CPU
		{CA714A8D-3AF3-4166-A6D1-9BF2B064D07F}.Debug|Any CPU.Build.0 = Debug|Any CPU
		{CA714A8D-3AF3-4166-A6D1-9BF2B064D07F}.Release|Any CPU.ActiveCfg = Release|Any CPU
		{CA714A8D-3AF3-4166-A6D1-9BF2B064D07F}.Release|Any CPU.Build.0 = Release|Any CPU
		{71806A7B-9C6A-44C9-ADA3-917B3DCC2732}.Debug|Any CPU.ActiveCfg = Debug|Any CPU
		{71806A7B-9C6A-44C9-ADA3-917B3DCC2732}.Debug|Any CPU.Build.0 = Debug|Any CPU
		{71806A7B-9C6A-44C9-ADA3-917B3DCC2732}.Release|Any CPU.ActiveCfg = Release|Any CPU
		{71806A7B-9C6A-44C9-ADA3-917B3DCC2732}.Release|Any CPU.Build.0 = Release|Any CPU
	EndGlobalSection
EndGlobal
